
Microsoft Visual Studio Solution File, Format Version 12.00
# Visual Studio Version 16
VisualStudioVersion = 16.0.31624.102
MinimumVisualStudioVersion = 10.0.40219.1
Project("{FAE04EC0-301F-11D3-BF4B-00C04F79EFBC}") = "CleanArchMvc.Domain", "CleanArchMvc.Domain\CleanArchMvc.Domain.csproj", "{9227570F-D7F5-4C45-8B40-D96330740034}"
EndProject
Project("{FAE04EC0-301F-11D3-BF4B-00C04F79EFBC}") = "CleanArchMvc.Application", "CleanArchMvc.Application\CleanArchMvc.Application.csproj", "{8699CA21-0187-47D5-8D02-512EE1BCFE5C}"
EndProject
Project("{FAE04EC0-301F-11D3-BF4B-00C04F79EFBC}") = "CleanArchMvc.Infra.Data", "CleanArchMvc.Infra.Data\CleanArchMvc.Infra.Data.csproj", "{F8BBE95C-5F43-4B7F-B12A-E3C295851F6A}"
EndProject
Project("{FAE04EC0-301F-11D3-BF4B-00C04F79EFBC}") = "CleanArchMvc.Infra.IoC", "CleanArchMvc.Infra.IoC\CleanArchMvc.Infra.IoC.csproj", "{2ABE0FD0-CC19-44FE-913A-B0D7D133439D}"
EndProject
Project("{FAE04EC0-301F-11D3-BF4B-00C04F79EFBC}") = "CleanArchMvc.WebUI", "CleanArchMvc.WebUI\CleanArchMvc.WebUI.csproj", "{F577B8A3-38A0-4ED8-B0B3-7DEDC9D1F97B}"
EndProject
Global
	GlobalSection(SolutionConfigurationPlatforms) = preSolution
		Debug|Any CPU = Debug|Any CPU
		Release|Any CPU = Release|Any CPU
	EndGlobalSection
	GlobalSection(ProjectConfigurationPlatforms) = postSolution
		{9227570F-D7F5-4C45-8B40-D96330740034}.Debug|Any CPU.ActiveCfg = Debug|Any CPU
		{9227570F-D7F5-4C45-8B40-D96330740034}.Debug|Any CPU.Build.0 = Debug|Any CPU
		{9227570F-D7F5-4C45-8B40-D96330740034}.Release|Any CPU.ActiveCfg = Release|Any CPU
		{9227570F-D7F5-4C45-8B40-D96330740034}.Release|Any CPU.Build.0 = Release|Any CPU
		{8699CA21-0187-47D5-8D02-512EE1BCFE5C}.Debug|Any CPU.ActiveCfg = Debug|Any CPU
		{8699CA21-0187-47D5-8D02-512EE1BCFE5C}.Debug|Any CPU.Build.0 = Debug|Any CPU
		{8699CA21-0187-47D5-8D02-512EE1BCFE5C}.Release|Any CPU.ActiveCfg = Release|Any CPU
		{8699CA21-0187-47D5-8D02-512EE1BCFE5C}.Release|Any CPU.Build.0 = Release|Any CPU
		{F8BBE95C-5F43-4B7F-B12A-E3C295851F6A}.Debug|Any CPU.ActiveCfg = Debug|Any CPU
		{F8BBE95C-5F43-4B7F-B12A-E3C295851F6A}.Debug|Any CPU.Build.0 = Debug|Any CPU
		{F8BBE95C-5F43-4B7F-B12A-E3C295851F6A}.Release|Any CPU.ActiveCfg = Release|Any CPU
		{F8BBE95C-5F43-4B7F-B12A-E3C295851F6A}.Release|Any CPU.Build.0 = Release|Any CPU
		{2ABE0FD0-CC19-44FE-913A-B0D7D133439D}.Debug|Any CPU.ActiveCfg = Debug|Any CPU
		{2ABE0FD0-CC19-44FE-913A-B0D7D133439D}.Debug|Any CPU.Build.0 = Debug|Any CPU
		{2ABE0FD0-CC19-44FE-913A-B0D7D133439D}.Release|Any CPU.ActiveCfg = Release|Any CPU
		{2ABE0FD0-CC19-44FE-913A-B0D7D133439D}.Release|Any CPU.Build.0 = Release|Any CPU
		{F577B8A3-38A0-4ED8-B0B3-7DEDC9D1F97B}.Debug|Any CPU.ActiveCfg = Debug|Any CPU
		{F577B8A3-38A0-4ED8-B0B3-7DEDC9D1F97B}.Debug|Any CPU.Build.0 = Debug|Any CPU
		{F577B8A3-38A0-4ED8-B0B3-7DEDC9D1F97B}.Release|Any CPU.ActiveCfg = Release|Any CPU
		{F577B8A3-38A0-4ED8-B0B3-7DEDC9D1F97B}.Release|Any CPU.Build.0 = Release|Any CPU
	EndGlobalSection
	GlobalSection(SolutionProperties) = preSolution
		HideSolutionNode = FALSE
	EndGlobalSection
	GlobalSection(ExtensibilityGlobals) = postSolution
		SolutionGuid = {0BD14EFB-D9B9-4D3F-B2EF-78AA608DAE53}
	EndGlobalSection
EndGlobal
